
Microsoft Visual Studio Solution File, Format Version 12.00
# Visual Studio 2013
VisualStudioVersion = 12.0.30723.0
MinimumVisualStudioVersion = 10.0.40219.1
Project("{FAE04EC0-301F-11D3-BF4B-00C04F79EFBC}") = "StevenWilliams", "StevenWilliams\StevenWilliams.csproj", "{E68BAF10-1BE4-4E8A-AC84-5F6BB00694DA}"
EndProject
Project("{FAE04EC0-301F-11D3-BF4B-00C04F79EFBC}") = "StevenWilliams.Tests", "StevenWilliams.Tests\StevenWilliams.Tests.csproj", "{E64F47E0-37D0-41FE-A5D2-9AEA88A4F258}"
EndProject
Global
	GlobalSection(SolutionConfigurationPlatforms) = preSolution
		Debug|Any CPU = Debug|Any CPU
		Release|Any CPU = Release|Any CPU
	EndGlobalSection
	GlobalSection(ProjectConfigurationPlatforms) = postSolution
		{E68BAF10-1BE4-4E8A-AC84-5F6BB00694DA}.Debug|Any CPU.ActiveCfg = Debug|Any CPU
		{E68BAF10-1BE4-4E8A-AC84-5F6BB00694DA}.Debug|Any CPU.Build.0 = Debug|Any CPU
		{E68BAF10-1BE4-4E8A-AC84-5F6BB00694DA}.Release|Any CPU.ActiveCfg = Release|Any CPU
		{E68BAF10-1BE4-4E8A-AC84-5F6BB00694DA}.Release|Any CPU.Build.0 = Release|Any CPU
		{E64F47E0-37D0-41FE-A5D2-9AEA88A4F258}.Debug|Any CPU.ActiveCfg = Debug|Any CPU
		{E64F47E0-37D0-41FE-A5D2-9AEA88A4F258}.Debug|Any CPU.Build.0 = Debug|Any CPU
		{E64F47E0-37D0-41FE-A5D2-9AEA88A4F258}.Release|Any CPU.ActiveCfg = Release|Any CPU
		{E64F47E0-37D0-41FE-A5D2-9AEA88A4F258}.Release|Any CPU.Build.0 = Release|Any CPU
	EndGlobalSection
	GlobalSection(SolutionProperties) = preSolution
		HideSolutionNode = FALSE
	EndGlobalSection
EndGlobal
